
Microsoft Visual Studio Solution File, Format Version 12.00
# Visual Studio Version 16
VisualStudioVersion = 16.0.32002.261
MinimumVisualStudioVersion = 10.0.40219.1
Project("{FAE04EC0-301F-11D3-BF4B-00C04F79EFBC}") = "MVCCrupOperation", "MVCCrupOperation\MVCCrupOperation.csproj", "{9DA12D72-58F4-4F90-8956-B8B17449C130}"
EndProject
Global
	GlobalSection(SolutionConfigurationPlatforms) = preSolution
		Debug|Any CPU = Debug|Any CPU
		Release|Any CPU = Release|Any CPU
	EndGlobalSection
	GlobalSection(ProjectConfigurationPlatforms) = postSolution
		{9DA12D72-58F4-4F90-8956-B8B17449C130}.Debug|Any CPU.ActiveCfg = Debug|Any CPU
		{9DA12D72-58F4-4F90-8956-B8B17449C130}.Debug|Any CPU.Build.0 = Debug|Any CPU
		{9DA12D72-58F4-4F90-8956-B8B17449C130}.Release|Any CPU.ActiveCfg = Release|Any CPU
		{9DA12D72-58F4-4F90-8956-B8B17449C130}.Release|Any CPU.Build.0 = Release|Any CPU
	EndGlobalSection
	GlobalSection(SolutionProperties) = preSolution
		HideSolutionNode = FALSE
	EndGlobalSection
	GlobalSection(ExtensibilityGlobals) = postSolution
		SolutionGuid = {FFA4F143-B1F4-490E-A196-79CDBD5C0A77}
	EndGlobalSection
EndGlobal
